// !$*UTF8*$!
{
	archiveVersion = 1;
	classes = {
	};
	objectVersion = 56;
	objects = {

/* Begin PBXBuildFile section */
		5C0AE4CC29834EA900E2B334 /* ContentViewModel.swift in Sources */ = {isa = PBXBuildFile; fileRef = 5C0AE4CB29834EA900E2B334 /* ContentViewModel.swift */; };
		5C0AE4CE2983558000E2B334 /* CatView.swift in Sources */ = {isa = PBXBuildFile; fileRef = 5C0AE4CD2983558000E2B334 /* CatView.swift */; };
		5C0AE4EB2988962500E2B334 /* Helpers.swift in Sources */ = {isa = PBXBuildFile; fileRef = 5C0AE4EA2988962500E2B334 /* Helpers.swift */; };
		5C10B886298A4C910013C861 /* RoundedCornersExtention.swift in Sources */ = {isa = PBXBuildFile; fileRef = 5C10B885298A4C910013C861 /* RoundedCornersExtention.swift */; };
		5C8AB771297EA6F600BCE5A4 /* PickerWithCoreDataApp.swift in Sources */ = {isa = PBXBuildFile; fileRef = 5C8AB770297EA6F600BCE5A4 /* PickerWithCoreDataApp.swift */; };
		5C8AB773297EA6F600BCE5A4 /* ContentView.swift in Sources */ = {isa = PBXBuildFile; fileRef = 5C8AB772297EA6F600BCE5A4 /* ContentView.swift */; };
		5C8AB775297EA6F700BCE5A4 /* Assets.xcassets in Resources */ = {isa = PBXBuildFile; fileRef = 5C8AB774297EA6F700BCE5A4 /* Assets.xcassets */; };
		5C8AB778297EA6F700BCE5A4 /* Preview Assets.xcassets in Resources */ = {isa = PBXBuildFile; fileRef = 5C8AB777297EA6F700BCE5A4 /* Preview Assets.xcassets */; };
		5C8AB780297EA74000BCE5A4 /* Stash.xcdatamodeld in Sources */ = {isa = PBXBuildFile; fileRef = 5C8AB77E297EA74000BCE5A4 /* Stash.xcdatamodeld */; };
		5C8AB783297EAADB00BCE5A4 /* DataController.swift in Sources */ = {isa = PBXBuildFile; fileRef = 5C8AB782297EAADB00BCE5A4 /* DataController.swift */; };
		5C8AB787297EAD3B00BCE5A4 /* NewCatView.swift in Sources */ = {isa = PBXBuildFile; fileRef = 5C8AB786297EAD3B00BCE5A4 /* NewCatView.swift */; };
		5C8AB789297EAD4A00BCE5A4 /* NewCatViewModel.swift in Sources */ = {isa = PBXBuildFile; fileRef = 5C8AB788297EAD4A00BCE5A4 /* NewCatViewModel.swift */; };
		5C8AB78C297F778E00BCE5A4 /* UnsplashAPIManager.swift in Sources */ = {isa = PBXBuildFile; fileRef = 5C8AB78B297F778E00BCE5A4 /* UnsplashAPIManager.swift */; };
		5C8AB78E297F78C200BCE5A4 /* UnsplashPhoto.swift in Sources */ = {isa = PBXBuildFile; fileRef = 5C8AB78D297F78C200BCE5A4 /* UnsplashPhoto.swift */; };
		5CE78559298B4CE700CE1012 /* CatDetailsView.swift in Sources */ = {isa = PBXBuildFile; fileRef = 5CE78558298B4CE700CE1012 /* CatDetailsView.swift */; };
		5CE7855B298B64EF00CE1012 /* CatEditView.swift in Sources */ = {isa = PBXBuildFile; fileRef = 5CE7855A298B64EF00CE1012 /* CatEditView.swift */; };
		5CE7855D298B656900CE1012 /* CatEditViewModel.swift in Sources */ = {isa = PBXBuildFile; fileRef = 5CE7855C298B656900CE1012 /* CatEditViewModel.swift */; };
		5CE7855F298E1C8E00CE1012 /* CatStorage.swift in Sources */ = {isa = PBXBuildFile; fileRef = 5CE7855E298E1C8E00CE1012 /* CatStorage.swift */; };
/* End PBXBuildFile section */

/* Begin PBXFileReference section */
		5C0AE4CB29834EA900E2B334 /* ContentViewModel.swift */ = {isa = PBXFileReference; lastKnownFileType = sourcecode.swift; path = ContentViewModel.swift; sourceTree = "<group>"; };
		5C0AE4CD2983558000E2B334 /* CatView.swift */ = {isa = PBXFileReference; lastKnownFileType = sourcecode.swift; path = CatView.swift; sourceTree = "<group>"; };
		5C0AE4EA2988962500E2B334 /* Helpers.swift */ = {isa = PBXFileReference; lastKnownFileType = sourcecode.swift; path = Helpers.swift; sourceTree = "<group>"; };
		5C10B885298A4C910013C861 /* RoundedCornersExtention.swift */ = {isa = PBXFileReference; lastKnownFileType = sourcecode.swift; path = RoundedCornersExtention.swift; sourceTree = "<group>"; };
		5C8AB76D297EA6F600BCE5A4 /* PickerWithCoreData.app */ = {isa = PBXFileReference; explicitFileType = wrapper.application; includeInIndex = 0; path = PickerWithCoreData.app; sourceTree = BUILT_PRODUCTS_DIR; };
		5C8AB770297EA6F600BCE5A4 /* PickerWithCoreDataApp.swift */ = {isa = PBXFileReference; lastKnownFileType = sourcecode.swift; path = PickerWithCoreDataApp.swift; sourceTree = "<group>"; };
		5C8AB772297EA6F600BCE5A4 /* ContentView.swift */ = {isa = PBXFileReference; lastKnownFileType = sourcecode.swift; path = ContentView.swift; sourceTree = "<group>"; };
		5C8AB774297EA6F700BCE5A4 /* Assets.xcassets */ = {isa = PBXFileReference; lastKnownFileType = folder.assetcatalog; path = Assets.xcassets; sourceTree = "<group>"; };
		5C8AB777297EA6F700BCE5A4 /* Preview Assets.xcassets */ = {isa = PBXFileReference; lastKnownFileType = folder.assetcatalog; path = "Preview Assets.xcassets"; sourceTree = "<group>"; };
		5C8AB77F297EA74000BCE5A4 /* Stash.xcdatamodel */ = {isa = PBXFileReference; lastKnownFileType = wrapper.xcdatamodel; path = Stash.xcdatamodel; sourceTree = "<group>"; };
		5C8AB782297EAADB00BCE5A4 /* DataController.swift */ = {isa = PBXFileReference; lastKnownFileType = sourcecode.swift; path = DataController.swift; sourceTree = "<group>"; };
		5C8AB786297EAD3B00BCE5A4 /* NewCatView.swift */ = {isa = PBXFileReference; lastKnownFileType = sourcecode.swift; path = NewCatView.swift; sourceTree = "<group>"; };
		5C8AB788297EAD4A00BCE5A4 /* NewCatViewModel.swift */ = {isa = PBXFileReference; lastKnownFileType = sourcecode.swift; path = NewCatViewModel.swift; sourceTree = "<group>"; };
		5C8AB78B297F778E00BCE5A4 /* UnsplashAPIManager.swift */ = {isa = PBXFileReference; lastKnownFileType = sourcecode.swift; path = UnsplashAPIManager.swift; sourceTree = "<group>"; };
		5C8AB78D297F78C200BCE5A4 /* UnsplashPhoto.swift */ = {isa = PBXFileReference; lastKnownFileType = sourcecode.swift; path = UnsplashPhoto.swift; sourceTree = "<group>"; };
		5CE78558298B4CE700CE1012 /* CatDetailsView.swift */ = {isa = PBXFileReference; lastKnownFileType = sourcecode.swift; path = CatDetailsView.swift; sourceTree = "<group>"; };
		5CE7855A298B64EF00CE1012 /* CatEditView.swift */ = {isa = PBXFileReference; lastKnownFileType = sourcecode.swift; path = CatEditView.swift; sourceTree = "<group>"; };
		5CE7855C298B656900CE1012 /* CatEditViewModel.swift */ = {isa = PBXFileReference; lastKnownFileType = sourcecode.swift; path = CatEditViewModel.swift; sourceTree = "<group>"; };
		5CE7855E298E1C8E00CE1012 /* CatStorage.swift */ = {isa = PBXFileReference; lastKnownFileType = sourcecode.swift; path = CatStorage.swift; sourceTree = "<group>"; };
/* End PBXFileReference section */

/* Begin PBXFrameworksBuildPhase section */
		5C8AB76A297EA6F600BCE5A4 /* Frameworks */ = {
			isa = PBXFrameworksBuildPhase;
			buildActionMask = 2147483647;
			files = (
			);
			runOnlyForDeploymentPostprocessing = 0;
		};
/* End PBXFrameworksBuildPhase section */

/* Begin PBXGroup section */
		5C0AE4E92988961100E2B334 /* Helpers */ = {
			isa = PBXGroup;
			children = (
				5C0AE4EA2988962500E2B334 /* Helpers.swift */,
			);
			path = Helpers;
			sourceTree = "<group>";
		};
		5C10B884298A4C7F0013C861 /* Extensions */ = {
			isa = PBXGroup;
			children = (
				5C10B885298A4C910013C861 /* RoundedCornersExtention.swift */,
			);
			path = Extensions;
			sourceTree = "<group>";
		};
		5C8AB764297EA6F600BCE5A4 = {
			isa = PBXGroup;
			children = (
				5C8AB76F297EA6F600BCE5A4 /* PickerWithCoreData */,
				5C8AB76E297EA6F600BCE5A4 /* Products */,
			);
			sourceTree = "<group>";
		};
		5C8AB76E297EA6F600BCE5A4 /* Products */ = {
			isa = PBXGroup;
			children = (
				5C8AB76D297EA6F600BCE5A4 /* PickerWithCoreData.app */,
			);
			name = Products;
			sourceTree = "<group>";
		};
		5C8AB76F297EA6F600BCE5A4 /* PickerWithCoreData */ = {
			isa = PBXGroup;
			children = (
				5C8AB770297EA6F600BCE5A4 /* PickerWithCoreDataApp.swift */,
				5C10B884298A4C7F0013C861 /* Extensions */,
				5C0AE4E92988961100E2B334 /* Helpers */,
				5C8AB78A297F775500BCE5A4 /* UpsplashAPI */,
				5C8AB785297EAD1500BCE5A4 /* View Models */,
				5C8AB784297EAD0E00BCE5A4 /* Views */,
				5C8AB781297EA75100BCE5A4 /* Data */,
				5C8AB776297EA6F700BCE5A4 /* Preview Content */,
				5C8AB774297EA6F700BCE5A4 /* Assets.xcassets */,
			);
			path = PickerWithCoreData;
			sourceTree = "<group>";
		};
		5C8AB776297EA6F700BCE5A4 /* Preview Content */ = {
			isa = PBXGroup;
			children = (
				5C8AB777297EA6F700BCE5A4 /* Preview Assets.xcassets */,
			);
			path = "Preview Content";
			sourceTree = "<group>";
		};
		5C8AB781297EA75100BCE5A4 /* Data */ = {
			isa = PBXGroup;
			children = (
				5C8AB77E297EA74000BCE5A4 /* Stash.xcdatamodeld */,
				5C8AB782297EAADB00BCE5A4 /* DataController.swift */,
				5CE7855E298E1C8E00CE1012 /* CatStorage.swift */,
			);
			path = Data;
			sourceTree = "<group>";
		};
		5C8AB784297EAD0E00BCE5A4 /* Views */ = {
			isa = PBXGroup;
			children = (
				5C0AE4CD2983558000E2B334 /* CatView.swift */,
				5C8AB772297EA6F600BCE5A4 /* ContentView.swift */,
				5C8AB786297EAD3B00BCE5A4 /* NewCatView.swift */,
				5CE78558298B4CE700CE1012 /* CatDetailsView.swift */,
				5CE7855A298B64EF00CE1012 /* CatEditView.swift */,
			);
			path = Views;
			sourceTree = "<group>";
		};
		5C8AB785297EAD1500BCE5A4 /* View Models */ = {
			isa = PBXGroup;
			children = (
				5C8AB788297EAD4A00BCE5A4 /* NewCatViewModel.swift */,
				5C0AE4CB29834EA900E2B334 /* ContentViewModel.swift */,
				5CE7855C298B656900CE1012 /* CatEditViewModel.swift */,
			);
			path = "View Models";
			sourceTree = "<group>";
		};
		5C8AB78A297F775500BCE5A4 /* UpsplashAPI */ = {
			isa = PBXGroup;
			children = (
				5C8AB78B297F778E00BCE5A4 /* UnsplashAPIManager.swift */,
				5C8AB78D297F78C200BCE5A4 /* UnsplashPhoto.swift */,
			);
			path = UpsplashAPI;
			sourceTree = "<group>";
		};
/* End PBXGroup section */

/* Begin PBXNativeTarget section */
		5C8AB76C297EA6F600BCE5A4 /* PickerWithCoreData */ = {
			isa = PBXNativeTarget;
			buildConfigurationList = 5C8AB77B297EA6F700BCE5A4 /* Build configuration list for PBXNativeTarget "PickerWithCoreData" */;
			buildPhases = (
				5C8AB769297EA6F600BCE5A4 /* Sources */,
				5C8AB76A297EA6F600BCE5A4 /* Frameworks */,
				5C8AB76B297EA6F600BCE5A4 /* Resources */,
			);
			buildRules = (
			);
			dependencies = (
			);
			name = PickerWithCoreData;
			productName = PickerWithCoreData;
			productReference = 5C8AB76D297EA6F600BCE5A4 /* PickerWithCoreData.app */;
			productType = "com.apple.product-type.application";
		};
/* End PBXNativeTarget section */

/* Begin PBXProject section */
		5C8AB765297EA6F600BCE5A4 /* Project object */ = {
			isa = PBXProject;
			attributes = {
				BuildIndependentTargetsInParallel = 1;
				LastSwiftUpdateCheck = 1420;
				LastUpgradeCheck = 1420;
				TargetAttributes = {
					5C8AB76C297EA6F600BCE5A4 = {
						CreatedOnToolsVersion = 14.2;
					};
				};
			};
			buildConfigurationList = 5C8AB768297EA6F600BCE5A4 /* Build configuration list for PBXProject "PickerWithCoreData" */;
			compatibilityVersion = "Xcode 14.0";
			developmentRegion = en;
			hasScannedForEncodings = 0;
			knownRegions = (
				en,
				Base,
			);
			mainGroup = 5C8AB764297EA6F600BCE5A4;
			productRefGroup = 5C8AB76E297EA6F600BCE5A4 /* Products */;
			projectDirPath = "";
			projectRoot = "";
			targets = (
				5C8AB76C297EA6F600BCE5A4 /* PickerWithCoreData */,
			);
		};
/* End PBXProject section */

/* Begin PBXResourcesBuildPhase section */
		5C8AB76B297EA6F600BCE5A4 /* Resources */ = {
			isa = PBXResourcesBuildPhase;
			buildActionMask = 2147483647;
			files = (
				5C8AB778297EA6F700BCE5A4 /* Preview Assets.xcassets in Resources */,
				5C8AB775297EA6F700BCE5A4 /* Assets.xcassets in Resources */,
			);
			runOnlyForDeploymentPostprocessing = 0;
		};
/* End PBXResourcesBuildPhase section */

/* Begin PBXSourcesBuildPhase section */
		5C8AB769297EA6F600BCE5A4 /* Sources */ = {
			isa = PBXSourcesBuildPhase;
			buildActionMask = 2147483647;
			files = (
				5CE78559298B4CE700CE1012 /* CatDetailsView.swift in Sources */,
				5C8AB787297EAD3B00BCE5A4 /* NewCatView.swift in Sources */,
				5C8AB780297EA74000BCE5A4 /* Stash.xcdatamodeld in Sources */,
				5C8AB789297EAD4A00BCE5A4 /* NewCatViewModel.swift in Sources */,
				5C8AB783297EAADB00BCE5A4 /* DataController.swift in Sources */,
				5C0AE4EB2988962500E2B334 /* Helpers.swift in Sources */,
				5C8AB773297EA6F600BCE5A4 /* ContentView.swift in Sources */,
				5CE7855B298B64EF00CE1012 /* CatEditView.swift in Sources */,
				5CE7855F298E1C8E00CE1012 /* CatStorage.swift in Sources */,
				5C0AE4CC29834EA900E2B334 /* ContentViewModel.swift in Sources */,
				5C8AB78C297F778E00BCE5A4 /* UnsplashAPIManager.swift in Sources */,
				5C8AB771297EA6F600BCE5A4 /* PickerWithCoreDataApp.swift in Sources */,
				5C8AB78E297F78C200BCE5A4 /* UnsplashPhoto.swift in Sources */,
				5C0AE4CE2983558000E2B334 /* CatView.swift in Sources */,
				5C10B886298A4C910013C861 /* RoundedCornersExtention.swift in Sources */,
				5CE7855D298B656900CE1012 /* CatEditViewModel.swift in Sources */,
			);
			runOnlyForDeploymentPostprocessing = 0;
		};
/* End PBXSourcesBuildPhase section */

/* Begin XCBuildConfiguration section */
		5C8AB779297EA6F700BCE5A4 /* Debug */ = {
			isa = XCBuildConfiguration;
			buildSettings = {
				ALWAYS_SEARCH_USER_PATHS = NO;
				CLANG_ANALYZER_NONNULL = YES;
				CLANG_ANALYZER_NUMBER_OBJECT_CONVERSION = YES_AGGRESSIVE;
				CLANG_CXX_LANGUAGE_STANDARD = "gnu++20";
				CLANG_ENABLE_MODULES = YES;
				CLANG_ENABLE_OBJC_ARC = YES;
				CLANG_ENABLE_OBJC_WEAK = YES;
				CLANG_WARN_BLOCK_CAPTURE_AUTORELEASING = YES;
				CLANG_WARN_BOOL_CONVERSION = YES;
				CLANG_WARN_COMMA = YES;
				CLANG_WARN_CONSTANT_CONVERSION = YES;
				CLANG_WARN_DEPRECATED_OBJC_IMPLEMENTATIONS = YES;
				CLANG_WARN_DIRECT_OBJC_ISA_USAGE = YES_ERROR;
				CLANG_WARN_DOCUMENTATION_COMMENTS = YES;
				CLANG_WARN_EMPTY_BODY = YES;
				CLANG_WARN_ENUM_CONVERSION = YES;
				CLANG_WARN_INFINITE_RECURSION = YES;
				CLANG_WARN_INT_CONVERSION = YES;
				CLANG_WARN_NON_LITERAL_NULL_CONVERSION = YES;
				CLANG_WARN_OBJC_IMPLICIT_RETAIN_SELF = YES;
				CLANG_WARN_OBJC_LITERAL_CONVERSION = YES;
				CLANG_WARN_OBJC_ROOT_CLASS = YES_ERROR;
				CLANG_WARN_QUOTED_INCLUDE_IN_FRAMEWORK_HEADER = YES;
				CLANG_WARN_RANGE_LOOP_ANALYSIS = YES;
				CLANG_WARN_STRICT_PROTOTYPES = YES;
				CLANG_WARN_SUSPICIOUS_MOVE = YES;
				CLANG_WARN_UNGUARDED_AVAILABILITY = YES_AGGRESSIVE;
				CLANG_WARN_UNREACHABLE_CODE = YES;
				CLANG_WARN__DUPLICATE_METHOD_MATCH = YES;
				COPY_PHASE_STRIP = NO;
				DEBUG_INFORMATION_FORMAT = dwarf;
				ENABLE_STRICT_OBJC_MSGSEND = YES;
				ENABLE_TESTABILITY = YES;
				GCC_C_LANGUAGE_STANDARD = gnu11;
				GCC_DYNAMIC_NO_PIC = NO;
				GCC_NO_COMMON_BLOCKS = YES;
				GCC_OPTIMIZATION_LEVEL = 0;
				GCC_PREPROCESSOR_DEFINITIONS = (
					"DEBUG=1",
					"$(inherited)",
				);
				GCC_WARN_64_TO_32_BIT_CONVERSION = YES;
				GCC_WARN_ABOUT_RETURN_TYPE = YES_ERROR;
				GCC_WARN_UNDECLARED_SELECTOR = YES;
				GCC_WARN_UNINITIALIZED_AUTOS = YES_AGGRESSIVE;
				GCC_WARN_UNUSED_FUNCTION = YES;
				GCC_WARN_UNUSED_VARIABLE = YES;
				IPHONEOS_DEPLOYMENT_TARGET = 16.2;
				MTL_ENABLE_DEBUG_INFO = INCLUDE_SOURCE;
				MTL_FAST_MATH = YES;
				ONLY_ACTIVE_ARCH = YES;
				SDKROOT = iphoneos;
				SWIFT_ACTIVE_COMPILATION_CONDITIONS = DEBUG;
				SWIFT_OPTIMIZATION_LEVEL = "-Onone";
			};
			name = Debug;
		};
		5C8AB77A297EA6F700BCE5A4 /* Release */ = {
			isa = XCBuildConfiguration;
			buildSettings = {
				ALWAYS_SEARCH_USER_PATHS = NO;
				CLANG_ANALYZER_NONNULL = YES;
				CLANG_ANALYZER_NUMBER_OBJECT_CONVERSION = YES_AGGRESSIVE;
				CLANG_CXX_LANGUAGE_STANDARD = "gnu++20";
				CLANG_ENABLE_MODULES = YES;
				CLANG_ENABLE_OBJC_ARC = YES;
				CLANG_ENABLE_OBJC_WEAK = YES;
				CLANG_WARN_BLOCK_CAPTURE_AUTORELEASING = YES;
				CLANG_WARN_BOOL_CONVERSION = YES;
				CLANG_WARN_COMMA = YES;
				CLANG_WARN_CONSTANT_CONVERSION = YES;
				CLANG_WARN_DEPRECATED_OBJC_IMPLEMENTATIONS = YES;
				CLANG_WARN_DIRECT_OBJC_ISA_USAGE = YES_ERROR;
				CLANG_WARN_DOCUMENTATION_COMMENTS = YES;
				CLANG_WARN_EMPTY_BODY = YES;
				CLANG_WARN_ENUM_CONVERSION = YES;
				CLANG_WARN_INFINITE_RECURSION = YES;
				CLANG_WARN_INT_CONVERSION = YES;
				CLANG_WARN_NON_LITERAL_NULL_CONVERSION = YES;
				CLANG_WARN_OBJC_IMPLICIT_RETAIN_SELF = YES;
				CLANG_WARN_OBJC_LITERAL_CONVERSION = YES;
				CLANG_WARN_OBJC_ROOT_CLASS = YES_ERROR;
				CLANG_WARN_QUOTED_INCLUDE_IN_FRAMEWORK_HEADER = YES;
				CLANG_WARN_RANGE_LOOP_ANALYSIS = YES;
				CLANG_WARN_STRICT_PROTOTYPES = YES;
				CLANG_WARN_SUSPICIOUS_MOVE = YES;
				CLANG_WARN_UNGUARDED_AVAILABILITY = YES_AGGRESSIVE;
				CLANG_WARN_UNREACHABLE_CODE = YES;
				CLANG_WARN__DUPLICATE_METHOD_MATCH = YES;
				COPY_PHASE_STRIP = NO;
				DEBUG_INFORMATION_FORMAT = "dwarf-with-dsym";
				ENABLE_NS_ASSERTIONS = NO;
				ENABLE_STRICT_OBJC_MSGSEND = YES;
				GCC_C_LANGUAGE_STANDARD = gnu11;
				GCC_NO_COMMON_BLOCKS = YES;
				GCC_WARN_64_TO_32_BIT_CONVERSION = YES;
				GCC_WARN_ABOUT_RETURN_TYPE = YES_ERROR;
				GCC_WARN_UNDECLARED_SELECTOR = YES;
				GCC_WARN_UNINITIALIZED_AUTOS = YES_AGGRESSIVE;
				GCC_WARN_UNUSED_FUNCTION = YES;
				GCC_WARN_UNUSED_VARIABLE = YES;
				IPHONEOS_DEPLOYMENT_TARGET = 16.2;
				MTL_ENABLE_DEBUG_INFO = NO;
				MTL_FAST_MATH = YES;
				SDKROOT = iphoneos;
				SWIFT_COMPILATION_MODE = wholemodule;
				SWIFT_OPTIMIZATION_LEVEL = "-O";
				VALIDATE_PRODUCT = YES;
			};
			name = Release;
		};
		5C8AB77C297EA6F700BCE5A4 /* Debug */ = {
			isa = XCBuildConfiguration;
			buildSettings = {
				ASSETCATALOG_COMPILER_APPICON_NAME = AppIcon;
				ASSETCATALOG_COMPILER_GLOBAL_ACCENT_COLOR_NAME = AccentColor;
				CODE_SIGN_STYLE = Automatic;
				CURRENT_PROJECT_VERSION = 1;
				DEVELOPMENT_ASSET_PATHS = "\"PickerWithCoreData/Preview Content\"";
				DEVELOPMENT_TEAM = 24495W6MQC;
				ENABLE_PREVIEWS = YES;
				GENERATE_INFOPLIST_FILE = YES;
				INFOPLIST_KEY_UIApplicationSceneManifest_Generation = YES;
				INFOPLIST_KEY_UIApplicationSupportsIndirectInputEvents = YES;
				INFOPLIST_KEY_UILaunchScreen_Generation = YES;
				INFOPLIST_KEY_UISupportedInterfaceOrientations_iPad = "UIInterfaceOrientationPortrait UIInterfaceOrientationPortraitUpsideDown UIInterfaceOrientationLandscapeLeft UIInterfaceOrientationLandscapeRight";
				INFOPLIST_KEY_UISupportedInterfaceOrientations_iPhone = "UIInterfaceOrientationPortrait UIInterfaceOrientationLandscapeLeft UIInterfaceOrientationLandscapeRight";
				LD_RUNPATH_SEARCH_PATHS = (
					"$(inherited)",
					"@executable_path/Frameworks",
				);
				MARKETING_VERSION = 1.0;
				PRODUCT_BUNDLE_IDENTIFIER = liyicky.PickerWithCoreData;
				PRODUCT_NAME = "$(TARGET_NAME)";
				SWIFT_EMIT_LOC_STRINGS = YES;
				SWIFT_VERSION = 5.0;
				TARGETED_DEVICE_FAMILY = "1,2";
			};
			name = Debug;
		};
		5C8AB77D297EA6F700BCE5A4 /* Release */ = {
			isa = XCBuildConfiguration;
			buildSettings = {
				ASSETCATALOG_COMPILER_APPICON_NAME = AppIcon;
				ASSETCATALOG_COMPILER_GLOBAL_ACCENT_COLOR_NAME = AccentColor;
				CODE_SIGN_STYLE = Automatic;
				CURRENT_PROJECT_VERSION = 1;
				DEVELOPMENT_ASSET_PATHS = "\"PickerWithCoreData/Preview Content\"";
				DEVELOPMENT_TEAM = 24495W6MQC;
				ENABLE_PREVIEWS = YES;
				GENERATE_INFOPLIST_FILE = YES;
				INFOPLIST_KEY_UIApplicationSceneManifest_Generation = YES;
				INFOPLIST_KEY_UIApplicationSupportsIndirectInputEvents = YES;
				INFOPLIST_KEY_UILaunchScreen_Generation = YES;
				INFOPLIST_KEY_UISupportedInterfaceOrientations_iPad = "UIInterfaceOrientationPortrait UIInterfaceOrientationPortraitUpsideDown UIInterfaceOrientationLandscapeLeft UIInterfaceOrientationLandscapeRight";
				INFOPLIST_KEY_UISupportedInterfaceOrientations_iPhone = "UIInterfaceOrientationPortrait UIInterfaceOrientationLandscapeLeft UIInterfaceOrientationLandscapeRight";
				LD_RUNPATH_SEARCH_PATHS = (
					"$(inherited)",
					"@executable_path/Frameworks",
				);
				MARKETING_VERSION = 1.0;
				PRODUCT_BUNDLE_IDENTIFIER = liyicky.PickerWithCoreData;
				PRODUCT_NAME = "$(TARGET_NAME)";
				SWIFT_EMIT_LOC_STRINGS = YES;
				SWIFT_VERSION = 5.0;
				TARGETED_DEVICE_FAMILY = "1,2";
			};
			name = Release;
		};
/* End XCBuildConfiguration section */

/* Begin XCConfigurationList section */
		5C8AB768297EA6F600BCE5A4 /* Build configuration list for PBXProject "PickerWithCoreData" */ = {
			isa = XCConfigurationList;
			buildConfigurations = (
				5C8AB779297EA6F700BCE5A4 /* Debug */,
				5C8AB77A297EA6F700BCE5A4 /* Release */,
			);
			defaultConfigurationIsVisible = 0;
			defaultConfigurationName = Release;
		};
		5C8AB77B297EA6F700BCE5A4 /* Build configuration list for PBXNativeTarget "PickerWithCoreData" */ = {
			isa = XCConfigurationList;
			buildConfigurations = (
				5C8AB77C297EA6F700BCE5A4 /* Debug */,
				5C8AB77D297EA6F700BCE5A4 /* Release */,
			);
			defaultConfigurationIsVisible = 0;
			defaultConfigurationName = Release;
		};
/* End XCConfigurationList section */

/* Begin XCVersionGroup section */
		5C8AB77E297EA74000BCE5A4 /* Stash.xcdatamodeld */ = {
			isa = XCVersionGroup;
			children = (
				5C8AB77F297EA74000BCE5A4 /* Stash.xcdatamodel */,
			);
			currentVersion = 5C8AB77F297EA74000BCE5A4 /* Stash.xcdatamodel */;
			path = Stash.xcdatamodeld;
			sourceTree = "<group>";
			versionGroupType = wrapper.xcdatamodel;
		};
/* End XCVersionGroup section */
	};
	rootObject = 5C8AB765297EA6F600BCE5A4 /* Project object */;
}
